
Microsoft Visual Studio Solution File, Format Version 12.00
# Visual Studio Version 17
VisualStudioVersion = 17.7.34018.315
MinimumVisualStudioVersion = 10.0.40219.1
Project("{FAE04EC0-301F-11D3-BF4B-00C04F79EFBC}") = "CountryJQueryAjax", "CountryJQueryAjax\CountryJQueryAjax.csproj", "{91B884CA-7369-4FF4-8DF6-1E6D45977E0F}"
EndProject
Global
	GlobalSection(SolutionConfigurationPlatforms) = preSolution
		Debug|Any CPU = Debug|Any CPU
		Release|Any CPU = Release|Any CPU
	EndGlobalSection
	GlobalSection(ProjectConfigurationPlatforms) = postSolution
		{91B884CA-7369-4FF4-8DF6-1E6D45977E0F}.Debug|Any CPU.ActiveCfg = Debug|Any CPU
		{91B884CA-7369-4FF4-8DF6-1E6D45977E0F}.Debug|Any CPU.Build.0 = Debug|Any CPU
		{91B884CA-7369-4FF4-8DF6-1E6D45977E0F}.Release|Any CPU.ActiveCfg = Release|Any CPU
		{91B884CA-7369-4FF4-8DF6-1E6D45977E0F}.Release|Any CPU.Build.0 = Release|Any CPU
	EndGlobalSection
	GlobalSection(SolutionProperties) = preSolution
		HideSolutionNode = FALSE
	EndGlobalSection
	GlobalSection(ExtensibilityGlobals) = postSolution
		SolutionGuid = {0B760878-F9D6-470B-89E8-0AFBC1EDF884}
	EndGlobalSection
EndGlobal
